
Microsoft Visual Studio Solution File, Format Version 12.00
# Visual Studio Version 17
VisualStudioVersion = 17.5.33414.496
MinimumVisualStudioVersion = 10.0.40219.1
Project("{FAE04EC0-301F-11D3-BF4B-00C04F79EFBC}") = "TPmodul8_1302210049", "TPmodul8_1302210049\TPmodul8_1302210049.csproj", "{BCE75A41-459E-438E-B51A-517F8F8661CB}"
EndProject
Global
	GlobalSection(SolutionConfigurationPlatforms) = preSolution
		Debug|Any CPU = Debug|Any CPU
		Release|Any CPU = Release|Any CPU
	EndGlobalSection
	GlobalSection(ProjectConfigurationPlatforms) = postSolution
		{BCE75A41-459E-438E-B51A-517F8F8661CB}.Debug|Any CPU.ActiveCfg = Debug|Any CPU
		{BCE75A41-459E-438E-B51A-517F8F8661CB}.Debug|Any CPU.Build.0 = Debug|Any CPU
		{BCE75A41-459E-438E-B51A-517F8F8661CB}.Release|Any CPU.ActiveCfg = Release|Any CPU
		{BCE75A41-459E-438E-B51A-517F8F8661CB}.Release|Any CPU.Build.0 = Release|Any CPU
	EndGlobalSection
	GlobalSection(SolutionProperties) = preSolution
		HideSolutionNode = FALSE
	EndGlobalSection
	GlobalSection(ExtensibilityGlobals) = postSolution
		SolutionGuid = {936F966F-33AD-4FA8-8F18-D5D72967E590}
	EndGlobalSection
EndGlobal
